
Microsoft Visual Studio Solution File, Format Version 12.00
# Visual Studio Version 16
VisualStudioVersion = 16.0.31729.503
MinimumVisualStudioVersion = 10.0.40219.1
Project("{FAE04EC0-301F-11D3-BF4B-00C04F79EFBC}") = "MyWorkCollection", "MyWorkCollection\MyWorkCollection.csproj", "{3EBEF8AC-D23D-433B-B13A-FC6DE2FFDDAF}"
EndProject
Global
	GlobalSection(SolutionConfigurationPlatforms) = preSolution
		Debug|Any CPU = Debug|Any CPU
		Release|Any CPU = Release|Any CPU
	EndGlobalSection
	GlobalSection(ProjectConfigurationPlatforms) = postSolution
		{3EBEF8AC-D23D-433B-B13A-FC6DE2FFDDAF}.Debug|Any CPU.ActiveCfg = Debug|Any CPU
		{3EBEF8AC-D23D-433B-B13A-FC6DE2FFDDAF}.Debug|Any CPU.Build.0 = Debug|Any CPU
		{3EBEF8AC-D23D-433B-B13A-FC6DE2FFDDAF}.Release|Any CPU.ActiveCfg = Release|Any CPU
		{3EBEF8AC-D23D-433B-B13A-FC6DE2FFDDAF}.Release|Any CPU.Build.0 = Release|Any CPU
	EndGlobalSection
	GlobalSection(SolutionProperties) = preSolution
		HideSolutionNode = FALSE
	EndGlobalSection
	GlobalSection(ExtensibilityGlobals) = postSolution
		SolutionGuid = {4C38B8DE-8F9C-498F-8848-748E14ADF335}
	EndGlobalSection
EndGlobal
